<?xml version="1.0" encoding="utf-8"?>
<Project ToolsVersion="4.0" xmlns="http://schemas.microsoft.com/developer/msbuild/2003">
  <ItemGroup>
    <Filter Include="Source Files">
      <UniqueIdentifier>{4FC737F1-C7A5-4376-A066-2A32D752A2FF}</UniqueIdentifier>
      <Extensions>cpp;c;cc;cxx;def;odl;idl;hpj;bat;asm;asmx</Extensions>
    </Filter>
    <Filter Include="Header Files">
      <UniqueIdentifier>{93995380-89BD-4b04-88EB-625FBE52EBFB}</UniqueIdentifier>
      <Extensions>h;hh;hpp;hxx;hm;inl;inc;xsd</Extensions>
    </Filter>
    <Filter Include="Resource Files">
      <UniqueIdentifier>{67DA6AB6-F800-4c08-8B7A-83BB121AAD01}</UniqueIdentifier>
      <Extensions>rc;ico;cur;bmp;dlg;rc2;rct;bin;rgs;gif;jpg;jpeg;jpe;resx;tiff;tif;png;wav;mfcribbon-ms</Extensions>
    </Filter>
    <Filter Include="Header Files\Camera">
      <UniqueIdentifier>{bcc612d1-65b4-417d-a45b-80343475ce5e}</UniqueIdentifier>
    </Filter>
    <Filter Include="Header Files\Voxel">
      <UniqueIdentifier>{8e1fac8a-305a-48f3-a29e-b9f4edc56521}</UniqueIdentifier>
    </Filter>
    <Filter Include="Header Files\IO">
      <UniqueIdentifier>{fb89b0da-37f0-4b09-a385-6631d36fe647}</UniqueIdentifier>
    </Filter>
    <Filter Include="Header Files\App">
      <UniqueIdentifier>{5069119f-5211-423e-a80b-3a1d2b555238}</UniqueIdentifier>
    </Filter>
    <Filter Include="Header Files\UI">
      <UniqueIdentifier>{0fd8a931-8b0f-4a16-9227-a07dba749011}</UniqueIdentifier>
    </Filter>
    <Filter Include="Header Files\Graphics">
      <UniqueIdentifier>{b43e372b-89f5-4d26-ad87-093b0500509f}</UniqueIdentifier>
    </Filter>
    <Filter Include="Header Files\Maths">
      <UniqueIdentifier>{15b7cca1-a9c9-4be1-a942-7f77c49aca9d}</UniqueIdentifier>
    </Filter>
    <Filter Include="Header Files\Procedural">
      <UniqueIdentifier>{58878586-6e38-4783-b833-42a0cefeec1c}</UniqueIdentifier>
    </Filter>
    <Filter Include="Source Files\Camera">
      <UniqueIdentifier>{202aceac-e455-4b80-bf8c-e08e45d3057e}</UniqueIdentifier>
    </Filter>
    <Filter Include="Source Files\Voxel">
      <UniqueIdentifier>{762e738e-fef5-46e7-8c70-81b61ffd43df}</UniqueIdentifier>
    </Filter>
    <Filter Include="Source Files\IO">
      <UniqueIdentifier>{775734f5-e410-490a-9291-2e1c63082a04}</UniqueIdentifier>
    </Filter>
    <Filter Include="Source Files\Graphics">
      <UniqueIdentifier>{cfb39218-a1e4-43fe-b9bc-92fa2e37284a}</UniqueIdentifier>
    </Filter>
    <Filter Include="Source Files\App">
      <UniqueIdentifier>{8d19fe4f-7e4f-48c0-9050-c2280cdfb7e7}</UniqueIdentifier>
    </Filter>
    <Filter Include="Source Files\UI">
      <UniqueIdentifier>{a01783a1-aeb1-45c7-b2f1-14187970a2d6}</UniqueIdentifier>
    </Filter>
  </ItemGroup>
  <ItemGroup>
    <ClCompile Include="src\stdafx.cpp">
      <Filter>Source Files</Filter>
    </ClCompile>
    <ClCompile Include="src\Timing.cpp">
      <Filter>Source Files</Filter>
    </ClCompile>
    <ClCompile Include="src\camera\BasicFPSCamera.cpp">
      <Filter>Source Files\Camera</Filter>
    </ClCompile>
    <ClCompile Include="src\camera\BasicCamera.cpp">
      <Filter>Source Files\Camera</Filter>
    </ClCompile>
    <ClCompile Include="src\voxel\ChunkMesher.cpp">
      <Filter>Source Files\Voxel</Filter>
    </ClCompile>
    <ClCompile Include="src\voxel\ChunkGrid.cpp">
      <Filter>Source Files\Voxel</Filter>
    </ClCompile>
    <ClCompile Include="src\voxel\Chunk.cpp">
      <Filter>Source Files\Voxel</Filter>
    </ClCompile>
    <ClCompile Include="src\voxel\ChunkCoordSystems.cpp">
      <Filter>Source Files\Voxel</Filter>
    </ClCompile>
    <ClCompile Include="src\io\FileLoader.cpp">
      <Filter>Source Files\IO</Filter>
    </ClCompile>
    <ClCompile Include="src\io\ImageLoader.cpp">
      <Filter>Source Files\IO</Filter>
    </ClCompile>
    <ClCompile Include="src\graphics\Window.cpp">
      <Filter>Source Files\Graphics</Filter>
    </ClCompile>
    <ClCompile Include="src\graphics\Texture.cpp">
      <Filter>Source Files\Graphics</Filter>
    </ClCompile>
    <ClCompile Include="src\graphics\GLSLProgram.cpp">
      <Filter>Source Files\Graphics</Filter>
    </ClCompile>
    <ClCompile Include="src\app\IApp.cpp">
      <Filter>Source Files\App</Filter>
    </ClCompile>
    <ClCompile Include="src\app\IScreen.cpp">
      <Filter>Source Files\App</Filter>
    </ClCompile>
    <ClCompile Include="src\ui\InputDispatcher.cpp">
      <Filter>Source Files\UI</Filter>
    </ClCompile>
    <ClCompile Include="src\ui\InputManager.cpp">
      <Filter>Source Files\UI</Filter>
    </ClCompile>
  </ItemGroup>
  <ItemGroup>
    <ClInclude Include="include\stdafx.h">
      <Filter>Header Files</Filter>
    </ClInclude>
    <ClInclude Include="include\types.h">
      <Filter>Header Files</Filter>
    </ClInclude>
    <ClInclude Include="include\Event.hpp">
      <Filter>Header Files</Filter>
    </ClInclude>
    <ClInclude Include="include\Hemlock.hpp">
      <Filter>Header Files</Filter>
    </ClInclude>
    <ClInclude Include="include\Timing.h">
      <Filter>Header Files</Filter>
    </ClInclude>
    <ClInclude Include="include\camera\BasicFPSCamera.h">
      <Filter>Header Files\Camera</Filter>
    </ClInclude>
    <ClInclude Include="include\camera\BasicCamera.h">
      <Filter>Header Files\Camera</Filter>
    </ClInclude>
    <ClInclude Include="include\voxel\Chunk.h">
      <Filter>Header Files\Voxel</Filter>
    </ClInclude>
    <ClInclude Include="include\voxel\ChunkCoordSystems.h">
      <Filter>Header Files\Voxel</Filter>
    </ClInclude>
    <ClInclude Include="include\voxel\ChunkGrid.h">
      <Filter>Header Files\Voxel</Filter>
    </ClInclude>
    <ClInclude Include="include\voxel\ChunkMesh.hpp">
      <Filter>Header Files\Voxel</Filter>
    </ClInclude>
    <ClInclude Include="include\voxel\ChunkMesher.h">
      <Filter>Header Files\Voxel</Filter>
    </ClInclude>
    <ClInclude Include="include\io\FileLoader.h">
      <Filter>Header Files\IO</Filter>
    </ClInclude>
    <ClInclude Include="include\io\ImageLoader.h">
      <Filter>Header Files\IO</Filter>
    </ClInclude>
    <ClInclude Include="include\app\IApp.h">
      <Filter>Header Files\App</Filter>
    </ClInclude>
    <ClInclude Include="include\app\IScreen.h">
      <Filter>Header Files\App</Filter>
    </ClInclude>
    <ClInclude Include="include\graphics\Mesh.hpp">
      <Filter>Header Files\Graphics</Filter>
    </ClInclude>
    <ClInclude Include="include\graphics\GLSLProgram.h">
      <Filter>Header Files\Graphics</Filter>
    </ClInclude>
    <ClInclude Include="include\ui\Keys.hpp">
      <Filter>Header Files\UI</Filter>
    </ClInclude>
    <ClInclude Include="include\ui\InputManager.h">
      <Filter>Header Files\UI</Filter>
    </ClInclude>
    <ClInclude Include="include\ui\InputDispatcher.h">
      <Filter>Header Files\UI</Filter>
    </ClInclude>
    <ClInclude Include="include\graphics\ShaderManager.h">
      <Filter>Header Files\Graphics</Filter>
    </ClInclude>
    <ClInclude Include="include\graphics\Window.h">
      <Filter>Header Files\Graphics</Filter>
    </ClInclude>
    <ClInclude Include="include\maths\Fractal.hpp">
      <Filter>Header Files\Maths</Filter>
    </ClInclude>
    <ClInclude Include="include\maths\TweeningMaths.hpp">
      <Filter>Header Files\Maths</Filter>
    </ClInclude>
    <ClInclude Include="include\procedural\Noise.hpp">
      <Filter>Header Files\Procedural</Filter>
    </ClInclude>
    <ClInclude Include="include\graphics\Texture.h">
      <Filter>Header Files\Graphics</Filter>
    </ClInclude>
    <ClInclude Include="include\Delegate.hpp">
      <Filter>Header Files</Filter>
    </ClInclude>
    <ClInclude Include="include\voxel\ChunkGenerator.h">
      <Filter>Header Files\Voxel</Filter>
    </ClInclude>
  </ItemGroup>
</Project>